
Microsoft Visual Studio Solution File, Format Version 12.00
# Visual Studio 15
VisualStudioVersion = 15.0.28010.2041
MinimumVisualStudioVersion = 10.0.40219.1
Project("{FAE04EC0-301F-11D3-BF4B-00C04F79EFBC}") = "addressbook-web-tests", "addressbook-web-tests\addressbook-web-tests.csproj", "{EEFCCFEF-FF80-4588-A8AB-A626BA1F20C5}"
EndProject
Global
	GlobalSection(SolutionConfigurationPlatforms) = preSolution
		Debug|Any CPU = Debug|Any CPU
		Release|Any CPU = Release|Any CPU
	EndGlobalSection
	GlobalSection(ProjectConfigurationPlatforms) = postSolution
		{EEFCCFEF-FF80-4588-A8AB-A626BA1F20C5}.Debug|Any CPU.ActiveCfg = Debug|Any CPU
		{EEFCCFEF-FF80-4588-A8AB-A626BA1F20C5}.Debug|Any CPU.Build.0 = Debug|Any CPU
		{EEFCCFEF-FF80-4588-A8AB-A626BA1F20C5}.Release|Any CPU.ActiveCfg = Release|Any CPU
		{EEFCCFEF-FF80-4588-A8AB-A626BA1F20C5}.Release|Any CPU.Build.0 = Release|Any CPU
	EndGlobalSection
	GlobalSection(SolutionProperties) = preSolution
		HideSolutionNode = FALSE
	EndGlobalSection
	GlobalSection(ExtensibilityGlobals) = postSolution
		SolutionGuid = {DF46D603-88AE-4A1B-9F1A-C720E7C7B5C0}
	EndGlobalSection
EndGlobal
